
Microsoft Visual Studio Solution File, Format Version 12.00
# Visual Studio Version 17
VisualStudioVersion = 17.14.36221.1
MinimumVisualStudioVersion = 10.0.40219.1
Project("{2150E333-8FDC-42A3-9474-1A3956D46DE8}") = "src", "src", "{02EA681E-C7D8-13C7-8484-4AC65E1B71E8}"
EndProject
Project("{2150E333-8FDC-42A3-9474-1A3956D46DE8}") = "Domain", "Domain", "{C5C76DA8-9908-4437-B177-16FA3F8FFF85}"
EndProject
Project("{2150E333-8FDC-42A3-9474-1A3956D46DE8}") = "Application", "Application", "{35395B89-2A05-4CB3-9970-02621C8DD4FC}"
EndProject
Project("{2150E333-8FDC-42A3-9474-1A3956D46DE8}") = "UI", "UI", "{4C2D546A-54F1-4D81-8895-50DB2553737D}"
EndProject
Project("{2150E333-8FDC-42A3-9474-1A3956D46DE8}") = "Infrastructure", "Infrastructure", "{951D8ED4-8D63-4C2E-90DE-0022FB5A21DB}"
EndProject
Project("{2150E333-8FDC-42A3-9474-1A3956D46DE8}") = "Persistence", "Persistence", "{F1819FF0-047E-45E2-8A50-54BD8AB9CA60}"
EndProject
Project("{FAE04EC0-301F-11D3-BF4B-00C04F79EFBC}") = "SampleTechnologyForTest.Web", "UI\SampleTechnologyForTest.Web\SampleTechnologyForTest.Web.csproj", "{8512A691-973B-44DA-894E-C0F5A0257964}"
EndProject
Project("{FAE04EC0-301F-11D3-BF4B-00C04F79EFBC}") = "SampleTechnologyForTest.RestApi", "UI\SampleTechnologyForTest.RestApi\SampleTechnologyForTest.RestApi.csproj", "{13BD48D6-1DC4-4DBA-82DD-2F868F29CD22}"
EndProject
Project("{FAE04EC0-301F-11D3-BF4B-00C04F79EFBC}") = "SampleTechnologyForTest.Consol", "UI\SampleTechnologyForTest.Consol\SampleTechnologyForTest.Consol.csproj", "{C83DCF51-136C-4538-90FA-55C298D1DE5F}"
EndProject
Project("{FAE04EC0-301F-11D3-BF4B-00C04F79EFBC}") = "Command.Application", "Application\Command.Application\Command.Application.csproj", "{46BD991C-68B0-4B81-81D1-EBA975864540}"
EndProject
Project("{FAE04EC0-301F-11D3-BF4B-00C04F79EFBC}") = "Query.Application", "Application\Query.Application\Query.Application.csproj", "{71C12C9B-85E6-40DE-8F4E-A41A3CDD41FB}"
EndProject
Project("{FAE04EC0-301F-11D3-BF4B-00C04F79EFBC}") = "Command.Persistence", "Persistence\Command.Persistence\Command.Persistence.csproj", "{14D4EC6C-B8FE-4F34-AAEF-B4DC0A704CFE}"
EndProject
Project("{FAE04EC0-301F-11D3-BF4B-00C04F79EFBC}") = "Query.Persistence", "Persistence\Query.Persistence\Query.Persistence.csproj", "{5AF68462-8916-4978-B13D-4646370B4E11}"
EndProject
Project("{FAE04EC0-301F-11D3-BF4B-00C04F79EFBC}") = "SampleTechnologyForTest.Entities", "Domain\SampleTechnologyForTest.Entities\SampleTechnologyForTest.Entities.csproj", "{9365E048-D392-44DE-AF36-A072FFC2FF8D}"
EndProject
Project("{FAE04EC0-301F-11D3-BF4B-00C04F79EFBC}") = "SampleTechnologyForTest.Infrastructure", "Infrastructure\SampleTechnologyForTest.Infrastructure\SampleTechnologyForTest.Infrastructure.csproj", "{F4CB5DE5-FB5B-4130-8020-4E82E482E7C3}"
EndProject
Project("{2150E333-8FDC-42A3-9474-1A3956D46DE8}") = "Common", "Common", "{EDCF0840-FFA4-4897-A877-5CFEFE0CD6C9}"
EndProject
Project("{FAE04EC0-301F-11D3-BF4B-00C04F79EFBC}") = "SampleForTest.Common", "Common\SampleForTest.Common\SampleForTest.Common.csproj", "{DCC609A2-1D3B-4CDE-A022-3E30D4E20A6A}"
EndProject
Project("{FAE04EC0-301F-11D3-BF4B-00C04F79EFBC}") = "SampleTechnologyForTest.Logging", "Infrastructure\SampleTechnologyForTest.Logging\SampleTechnologyForTest.Logging.csproj", "{DC93B826-8BB4-4EB1-9C6D-70FA2C3B1978}"
EndProject
Project("{FAE04EC0-301F-11D3-BF4B-00C04F79EFBC}") = "SampleTechnologyForTest.BlazorServer", "UI\SampleTechnologyForTest.BlazorServer\SampleTechnologyForTest.BlazorServer.csproj", "{A3A584EE-D4C3-4162-9582-6C2C2C403251}"
EndProject
Project("{2150E333-8FDC-42A3-9474-1A3956D46DE8}") = "Solution Items", "Solution Items", "{836E481C-3739-4104-A3A2-2C40E6032C35}"
	ProjectSection(SolutionItems) = preProject
		compose.yaml = compose.yaml
	EndProjectSection
EndProject
Project("{FAE04EC0-301F-11D3-BF4B-00C04F79EFBC}") = "SampleTechnologyForTest.BlazorWASM", "UI\SampleTechnologyForTest.BlazorWASM\SampleTechnologyForTest.BlazorWASM\SampleTechnologyForTest.BlazorWASM.csproj", "{1D3D238B-49A5-4196-A813-C14C7C7D05F4}"
EndProject
Project("{FAE04EC0-301F-11D3-BF4B-00C04F79EFBC}") = "SampleTechnologyForTest.BlazorWASM.Client", "UI\SampleTechnologyForTest.BlazorWASM\SampleTechnologyForTest.BlazorWASM.Client\SampleTechnologyForTest.BlazorWASM.Client.csproj", "{CA1A06CC-7B84-41D3-AFD2-4F5EA0800D77}"
EndProject
Project("{FAE04EC0-301F-11D3-BF4B-00C04F79EFBC}") = "SampleTechnologyForTest.WinForm", "SampleTechnologyForTest.WinForm\SampleTechnologyForTest.WinForm.csproj", "{474F862C-2BCF-404F-A66B-2E98E8172D98}"
EndProject
Project("{FAE04EC0-301F-11D3-BF4B-00C04F79EFBC}") = "SampleTechnologyForTest.WPFForm", "UI\SampleTechnologyForTest.WPFForm\SampleTechnologyForTest.WPFForm.csproj", "{6F6EC0EC-26D6-4856-8B36-08DF5822DAA6}"
EndProject
Global
	GlobalSection(SolutionConfigurationPlatforms) = preSolution
		Debug|Any CPU = Debug|Any CPU
		Release|Any CPU = Release|Any CPU
	EndGlobalSection
	GlobalSection(ProjectConfigurationPlatforms) = postSolution
		{8512A691-973B-44DA-894E-C0F5A0257964}.Debug|Any CPU.ActiveCfg = Debug|Any CPU
		{8512A691-973B-44DA-894E-C0F5A0257964}.Debug|Any CPU.Build.0 = Debug|Any CPU
		{8512A691-973B-44DA-894E-C0F5A0257964}.Release|Any CPU.ActiveCfg = Release|Any CPU
		{8512A691-973B-44DA-894E-C0F5A0257964}.Release|Any CPU.Build.0 = Release|Any CPU
		{13BD48D6-1DC4-4DBA-82DD-2F868F29CD22}.Debug|Any CPU.ActiveCfg = Debug|Any CPU
		{13BD48D6-1DC4-4DBA-82DD-2F868F29CD22}.Debug|Any CPU.Build.0 = Debug|Any CPU
		{13BD48D6-1DC4-4DBA-82DD-2F868F29CD22}.Release|Any CPU.ActiveCfg = Release|Any CPU
		{13BD48D6-1DC4-4DBA-82DD-2F868F29CD22}.Release|Any CPU.Build.0 = Release|Any CPU
		{C83DCF51-136C-4538-90FA-55C298D1DE5F}.Debug|Any CPU.ActiveCfg = Debug|Any CPU
		{C83DCF51-136C-4538-90FA-55C298D1DE5F}.Debug|Any CPU.Build.0 = Debug|Any CPU
		{C83DCF51-136C-4538-90FA-55C298D1DE5F}.Release|Any CPU.ActiveCfg = Release|Any CPU
		{C83DCF51-136C-4538-90FA-55C298D1DE5F}.Release|Any CPU.Build.0 = Release|Any CPU
		{46BD991C-68B0-4B81-81D1-EBA975864540}.Debug|Any CPU.ActiveCfg = Debug|Any CPU
		{46BD991C-68B0-4B81-81D1-EBA975864540}.Debug|Any CPU.Build.0 = Debug|Any CPU
		{46BD991C-68B0-4B81-81D1-EBA975864540}.Release|Any CPU.ActiveCfg = Release|Any CPU
		{46BD991C-68B0-4B81-81D1-EBA975864540}.Release|Any CPU.Build.0 = Release|Any CPU
		{71C12C9B-85E6-40DE-8F4E-A41A3CDD41FB}.Debug|Any CPU.ActiveCfg = Debug|Any CPU
		{71C12C9B-85E6-40DE-8F4E-A41A3CDD41FB}.Debug|Any CPU.Build.0 = Debug|Any CPU
		{71C12C9B-85E6-40DE-8F4E-A41A3CDD41FB}.Release|Any CPU.ActiveCfg = Release|Any CPU
		{71C12C9B-85E6-40DE-8F4E-A41A3CDD41FB}.Release|Any CPU.Build.0 = Release|Any CPU
		{14D4EC6C-B8FE-4F34-AAEF-B4DC0A704CFE}.Debug|Any CPU.ActiveCfg = Debug|Any CPU
		{14D4EC6C-B8FE-4F34-AAEF-B4DC0A704CFE}.Debug|Any CPU.Build.0 = Debug|Any CPU
		{14D4EC6C-B8FE-4F34-AAEF-B4DC0A704CFE}.Release|Any CPU.ActiveCfg = Release|Any CPU
		{14D4EC6C-B8FE-4F34-AAEF-B4DC0A704CFE}.Release|Any CPU.Build.0 = Release|Any CPU
		{5AF68462-8916-4978-B13D-4646370B4E11}.Debug|Any CPU.ActiveCfg = Debug|Any CPU
		{5AF68462-8916-4978-B13D-4646370B4E11}.Debug|Any CPU.Build.0 = Debug|Any CPU
		{5AF68462-8916-4978-B13D-4646370B4E11}.Release|Any CPU.ActiveCfg = Release|Any CPU
		{5AF68462-8916-4978-B13D-4646370B4E11}.Release|Any CPU.Build.0 = Release|Any CPU
		{9365E048-D392-44DE-AF36-A072FFC2FF8D}.Debug|Any CPU.ActiveCfg = Debug|Any CPU
		{9365E048-D392-44DE-AF36-A072FFC2FF8D}.Debug|Any CPU.Build.0 = Debug|Any CPU
		{9365E048-D392-44DE-AF36-A072FFC2FF8D}.Release|Any CPU.ActiveCfg = Release|Any CPU
		{9365E048-D392-44DE-AF36-A072FFC2FF8D}.Release|Any CPU.Build.0 = Release|Any CPU
		{F4CB5DE5-FB5B-4130-8020-4E82E482E7C3}.Debug|Any CPU.ActiveCfg = Debug|Any CPU
		{F4CB5DE5-FB5B-4130-8020-4E82E482E7C3}.Debug|Any CPU.Build.0 = Debug|Any CPU
		{F4CB5DE5-FB5B-4130-8020-4E82E482E7C3}.Release|Any CPU.ActiveCfg = Release|Any CPU
		{F4CB5DE5-FB5B-4130-8020-4E82E482E7C3}.Release|Any CPU.Build.0 = Release|Any CPU
		{DCC609A2-1D3B-4CDE-A022-3E30D4E20A6A}.Debug|Any CPU.ActiveCfg = Debug|Any CPU
		{DCC609A2-1D3B-4CDE-A022-3E30D4E20A6A}.Debug|Any CPU.Build.0 = Debug|Any CPU
		{DCC609A2-1D3B-4CDE-A022-3E30D4E20A6A}.Release|Any CPU.ActiveCfg = Release|Any CPU
		{DCC609A2-1D3B-4CDE-A022-3E30D4E20A6A}.Release|Any CPU.Build.0 = Release|Any CPU
		{DC93B826-8BB4-4EB1-9C6D-70FA2C3B1978}.Debug|Any CPU.ActiveCfg = Debug|Any CPU
		{DC93B826-8BB4-4EB1-9C6D-70FA2C3B1978}.Debug|Any CPU.Build.0 = Debug|Any CPU
		{DC93B826-8BB4-4EB1-9C6D-70FA2C3B1978}.Release|Any CPU.ActiveCfg = Release|Any CPU
		{DC93B826-8BB4-4EB1-9C6D-70FA2C3B1978}.Release|Any CPU.Build.0 = Release|Any CPU
		{A3A584EE-D4C3-4162-9582-6C2C2C403251}.Debug|Any CPU.ActiveCfg = Debug|Any CPU
		{A3A584EE-D4C3-4162-9582-6C2C2C403251}.Debug|Any CPU.Build.0 = Debug|Any CPU
		{A3A584EE-D4C3-4162-9582-6C2C2C403251}.Release|Any CPU.ActiveCfg = Release|Any CPU
		{A3A584EE-D4C3-4162-9582-6C2C2C403251}.Release|Any CPU.Build.0 = Release|Any CPU
		{1D3D238B-49A5-4196-A813-C14C7C7D05F4}.Debug|Any CPU.ActiveCfg = Debug|Any CPU
		{1D3D238B-49A5-4196-A813-C14C7C7D05F4}.Debug|Any CPU.Build.0 = Debug|Any CPU
		{1D3D238B-49A5-4196-A813-C14C7C7D05F4}.Release|Any CPU.ActiveCfg = Release|Any CPU
		{1D3D238B-49A5-4196-A813-C14C7C7D05F4}.Release|Any CPU.Build.0 = Release|Any CPU
		{CA1A06CC-7B84-41D3-AFD2-4F5EA0800D77}.Debug|Any CPU.ActiveCfg = Debug|Any CPU
		{CA1A06CC-7B84-41D3-AFD2-4F5EA0800D77}.Debug|Any CPU.Build.0 = Debug|Any CPU
		{CA1A06CC-7B84-41D3-AFD2-4F5EA0800D77}.Release|Any CPU.ActiveCfg = Release|Any CPU
		{CA1A06CC-7B84-41D3-AFD2-4F5EA0800D77}.Release|Any CPU.Build.0 = Release|Any CPU
		{474F862C-2BCF-404F-A66B-2E98E8172D98}.Debug|Any CPU.ActiveCfg = Debug|Any CPU
		{474F862C-2BCF-404F-A66B-2E98E8172D98}.Debug|Any CPU.Build.0 = Debug|Any CPU
		{474F862C-2BCF-404F-A66B-2E98E8172D98}.Release|Any CPU.ActiveCfg = Release|Any CPU
		{474F862C-2BCF-404F-A66B-2E98E8172D98}.Release|Any CPU.Build.0 = Release|Any CPU
		{6F6EC0EC-26D6-4856-8B36-08DF5822DAA6}.Debug|Any CPU.ActiveCfg = Debug|Any CPU
		{6F6EC0EC-26D6-4856-8B36-08DF5822DAA6}.Debug|Any CPU.Build.0 = Debug|Any CPU
		{6F6EC0EC-26D6-4856-8B36-08DF5822DAA6}.Release|Any CPU.ActiveCfg = Release|Any CPU
		{6F6EC0EC-26D6-4856-8B36-08DF5822DAA6}.Release|Any CPU.Build.0 = Release|Any CPU
	EndGlobalSection
	GlobalSection(SolutionProperties) = preSolution
		HideSolutionNode = FALSE
	EndGlobalSection
	GlobalSection(NestedProjects) = preSolution
		{C5C76DA8-9908-4437-B177-16FA3F8FFF85} = {02EA681E-C7D8-13C7-8484-4AC65E1B71E8}
		{35395B89-2A05-4CB3-9970-02621C8DD4FC} = {02EA681E-C7D8-13C7-8484-4AC65E1B71E8}
		{4C2D546A-54F1-4D81-8895-50DB2553737D} = {02EA681E-C7D8-13C7-8484-4AC65E1B71E8}
		{951D8ED4-8D63-4C2E-90DE-0022FB5A21DB} = {02EA681E-C7D8-13C7-8484-4AC65E1B71E8}
		{F1819FF0-047E-45E2-8A50-54BD8AB9CA60} = {02EA681E-C7D8-13C7-8484-4AC65E1B71E8}
		{8512A691-973B-44DA-894E-C0F5A0257964} = {4C2D546A-54F1-4D81-8895-50DB2553737D}
		{13BD48D6-1DC4-4DBA-82DD-2F868F29CD22} = {4C2D546A-54F1-4D81-8895-50DB2553737D}
		{C83DCF51-136C-4538-90FA-55C298D1DE5F} = {4C2D546A-54F1-4D81-8895-50DB2553737D}
		{46BD991C-68B0-4B81-81D1-EBA975864540} = {35395B89-2A05-4CB3-9970-02621C8DD4FC}
		{71C12C9B-85E6-40DE-8F4E-A41A3CDD41FB} = {35395B89-2A05-4CB3-9970-02621C8DD4FC}
		{14D4EC6C-B8FE-4F34-AAEF-B4DC0A704CFE} = {F1819FF0-047E-45E2-8A50-54BD8AB9CA60}
		{5AF68462-8916-4978-B13D-4646370B4E11} = {F1819FF0-047E-45E2-8A50-54BD8AB9CA60}
		{9365E048-D392-44DE-AF36-A072FFC2FF8D} = {C5C76DA8-9908-4437-B177-16FA3F8FFF85}
		{F4CB5DE5-FB5B-4130-8020-4E82E482E7C3} = {951D8ED4-8D63-4C2E-90DE-0022FB5A21DB}
		{EDCF0840-FFA4-4897-A877-5CFEFE0CD6C9} = {02EA681E-C7D8-13C7-8484-4AC65E1B71E8}
		{DCC609A2-1D3B-4CDE-A022-3E30D4E20A6A} = {EDCF0840-FFA4-4897-A877-5CFEFE0CD6C9}
		{DC93B826-8BB4-4EB1-9C6D-70FA2C3B1978} = {951D8ED4-8D63-4C2E-90DE-0022FB5A21DB}
		{A3A584EE-D4C3-4162-9582-6C2C2C403251} = {4C2D546A-54F1-4D81-8895-50DB2553737D}
		{1D3D238B-49A5-4196-A813-C14C7C7D05F4} = {4C2D546A-54F1-4D81-8895-50DB2553737D}
		{CA1A06CC-7B84-41D3-AFD2-4F5EA0800D77} = {4C2D546A-54F1-4D81-8895-50DB2553737D}
		{474F862C-2BCF-404F-A66B-2E98E8172D98} = {4C2D546A-54F1-4D81-8895-50DB2553737D}
		{6F6EC0EC-26D6-4856-8B36-08DF5822DAA6} = {4C2D546A-54F1-4D81-8895-50DB2553737D}
	EndGlobalSection
	GlobalSection(ExtensibilityGlobals) = postSolution
		SolutionGuid = {4355A496-DD77-463F-8FB9-D81E07B6F363}
	EndGlobalSection
EndGlobal
