
Microsoft Visual Studio Solution File, Format Version 12.00
# Visual Studio Version 18
VisualStudioVersion = 18.7.11925.98
MinimumVisualStudioVersion = 10.0.40219.1
Project("{2150E333-8FDC-42A3-9474-1A3956D46DE8}") = "src", "src", "{02EA681E-C7D8-13C7-8484-4AC65E1B71E8}"
EndProject
Project("{2150E333-8FDC-42A3-9474-1A3956D46DE8}") = "Domain", "Domain", "{C5C76DA8-9908-4437-B177-16FA3F8FFF85}"
EndProject
Project("{2150E333-8FDC-42A3-9474-1A3956D46DE8}") = "Application", "Application", "{35395B89-2A05-4CB3-9970-02621C8DD4FC}"
EndProject
Project("{2150E333-8FDC-42A3-9474-1A3956D46DE8}") = "UI", "UI", "{4C2D546A-54F1-4D81-8895-50DB2553737D}"
EndProject
Project("{2150E333-8FDC-42A3-9474-1A3956D46DE8}") = "Infrastructure", "Infrastructure", "{951D8ED4-8D63-4C2E-90DE-0022FB5A21DB}"
EndProject
Project("{2150E333-8FDC-42A3-9474-1A3956D46DE8}") = "Persistence", "Persistence", "{F1819FF0-047E-45E2-8A50-54BD8AB9CA60}"
EndProject
Project("{FAE04EC0-301F-11D3-BF4B-00C04F79EFBC}") = "SampleTechnologyForTest.Web", "UI\SampleTechnologyForTest.Web\SampleTechnologyForTest.Web.csproj", "{8512A691-973B-44DA-894E-C0F5A0257964}"
EndProject
Project("{FAE04EC0-301F-11D3-BF4B-00C04F79EFBC}") = "SampleTechnologyForTest.RestApi", "UI\SampleTechnologyForTest.RestApi\SampleTechnologyForTest.RestApi.csproj", "{13BD48D6-1DC4-4DBA-82DD-2F868F29CD22}"
EndProject
Project("{FAE04EC0-301F-11D3-BF4B-00C04F79EFBC}") = "Command.Application", "Application\Command.Application\Command.Application.csproj", "{46BD991C-68B0-4B81-81D1-EBA975864540}"
EndProject
Project("{FAE04EC0-301F-11D3-BF4B-00C04F79EFBC}") = "Query.Application", "Application\Query.Application\Query.Application.csproj", "{71C12C9B-85E6-40DE-8F4E-A41A3CDD41FB}"
EndProject
Project("{FAE04EC0-301F-11D3-BF4B-00C04F79EFBC}") = "Command.Persistence", "Persistence\Command.Persistence\Command.Persistence.csproj", "{14D4EC6C-B8FE-4F34-AAEF-B4DC0A704CFE}"
EndProject
Project("{FAE04EC0-301F-11D3-BF4B-00C04F79EFBC}") = "Query.Persistence", "Persistence\Query.Persistence\Query.Persistence.csproj", "{5AF68462-8916-4978-B13D-4646370B4E11}"
EndProject
Project("{FAE04EC0-301F-11D3-BF4B-00C04F79EFBC}") = "SampleTechnologyForTest.Entities", "Domain\SampleTechnologyForTest.Entities\SampleTechnologyForTest.Entities.csproj", "{9365E048-D392-44DE-AF36-A072FFC2FF8D}"
EndProject
Project("{FAE04EC0-301F-11D3-BF4B-00C04F79EFBC}") = "SampleTechnologyForTest.Infrastructure", "Infrastructure\SampleTechnologyForTest.Infrastructure\SampleTechnologyForTest.Infrastructure.csproj", "{F4CB5DE5-FB5B-4130-8020-4E82E482E7C3}"
EndProject
Project("{FAE04EC0-301F-11D3-BF4B-00C04F79EFBC}") = "SampleTechnologyForTest.Logging", "Infrastructure\SampleTechnologyForTest.Logging\SampleTechnologyForTest.Logging.csproj", "{DC93B826-8BB4-4EB1-9C6D-70FA2C3B1978}"
EndProject
Project("{FAE04EC0-301F-11D3-BF4B-00C04F79EFBC}") = "SampleTechnologyForTest.BlazorServer", "UI\SampleTechnologyForTest.BlazorServer\SampleTechnologyForTest.BlazorServer.csproj", "{A3A584EE-D4C3-4162-9582-6C2C2C403251}"
EndProject
Project("{2150E333-8FDC-42A3-9474-1A3956D46DE8}") = "Solution Items", "Solution Items", "{836E481C-3739-4104-A3A2-2C40E6032C35}"
	ProjectSection(SolutionItems) = preProject
		compose.yaml = compose.yaml
	EndProjectSection
EndProject
Project("{FAE04EC0-301F-11D3-BF4B-00C04F79EFBC}") = "SampleTechnologyForTest.BlazorWASM", "UI\SampleTechnologyForTest.BlazorWASM\SampleTechnologyForTest.BlazorWASM\SampleTechnologyForTest.BlazorWASM.csproj", "{1D3D238B-49A5-4196-A813-C14C7C7D05F4}"
EndProject
Project("{FAE04EC0-301F-11D3-BF4B-00C04F79EFBC}") = "SampleTechnologyForTest.BlazorWASM.Client", "UI\SampleTechnologyForTest.BlazorWASM\SampleTechnologyForTest.BlazorWASM.Client\SampleTechnologyForTest.BlazorWASM.Client.csproj", "{CA1A06CC-7B84-41D3-AFD2-4F5EA0800D77}"
EndProject
Project("{2150E333-8FDC-42A3-9474-1A3956D46DE8}") = "SampleTechnologyForTest.WinForm", "SampleTechnologyForTest.WinForm", "{B1F4C00C-BA88-30FE-8C62-9C4CAB55027E}"
EndProject
Project("{FAE04EC0-301F-11D3-BF4B-00C04F79EFBC}") = "SampleTechnologyForTest.WinForms", "SampleTechnologyForTest.WinForm\SampleTechnologyForTest.WinForms.csproj", "{9210EBF5-9CCA-4BB4-87D2-4F42E4481545}"
EndProject
Project("{2150E333-8FDC-42A3-9474-1A3956D46DE8}") = "UI", "UI", "{FA674B5A-3394-926C-2B1E-70E5B00E4A5C}"
EndProject
Project("{2150E333-8FDC-42A3-9474-1A3956D46DE8}") = "SampleTechnologyForTest.WPFForm", "SampleTechnologyForTest.WPFForm", "{45430FF0-32BA-0349-D06B-27FB0DDFCA35}"
EndProject
Project("{FAE04EC0-301F-11D3-BF4B-00C04F79EFBC}") = "SampleTechnologyForTest.Wpf", "UI\SampleTechnologyForTest.WPFForm\SampleTechnologyForTest.Wpf.csproj", "{9E80C17A-B316-4407-94C2-C5C37E75D7F2}"
EndProject
Project("{2150E333-8FDC-42A3-9474-1A3956D46DE8}") = "Common", "Common", "{881589EE-639B-0A35-DBCE-5D94E4FC90C0}"
EndProject
Project("{FAE04EC0-301F-11D3-BF4B-00C04F79EFBC}") = "SampleTechnologyForTest.Common", "Common\SampleTechnologyForTest.Common\SampleTechnologyForTest.Common.csproj", "{02CA3E15-76D2-4A1A-B9FB-D11947673A6E}"
EndProject
Project("{2150E333-8FDC-42A3-9474-1A3956D46DE8}") = "SampleTechnologyForTest.Consol", "SampleTechnologyForTest.Consol", "{30E77334-564F-C543-97F1-ECE6F460A98C}"
EndProject
Project("{FAE04EC0-301F-11D3-BF4B-00C04F79EFBC}") = "SampleTechnologyForTest.Console", "UI\SampleTechnologyForTest.Consol\SampleTechnologyForTest.Console.csproj", "{32F711EC-FE68-4B1F-8C93-7808231F17D7}"
EndProject
Project("{2150E333-8FDC-42A3-9474-1A3956D46DE8}") = "tests", "tests", "{691CC016-BFBE-456E-B050-26BE9BF15DB9}"
EndProject
Project("{FAE04EC0-301F-11D3-BF4B-00C04F79EFBC}") = "SampleTechnologyForTest.UnitTests", "tests\SampleTechnologyForTest.UnitTests\SampleTechnologyForTest.UnitTests.csproj", "{AFFA7B10-BACB-4C67-A282-5375BCD94E67}"
EndProject
Project("{FAE04EC0-301F-11D3-BF4B-00C04F79EFBC}") = "SampleTechnologyForTest.IntegrationTests", "tests\SampleTechnologyForTest.IntegrationTests\SampleTechnologyForTest.IntegrationTests.csproj", "{79EE466D-1B06-4C77-8BFF-A92181C6F197}"
EndProject
Global
	GlobalSection(SolutionConfigurationPlatforms) = preSolution
		Debug|Any CPU = Debug|Any CPU
		Debug|x64 = Debug|x64
		Debug|x86 = Debug|x86
		Release|Any CPU = Release|Any CPU
		Release|x64 = Release|x64
		Release|x86 = Release|x86
	EndGlobalSection
	GlobalSection(ProjectConfigurationPlatforms) = postSolution
		{8512A691-973B-44DA-894E-C0F5A0257964}.Debug|Any CPU.ActiveCfg = Debug|Any CPU
		{8512A691-973B-44DA-894E-C0F5A0257964}.Debug|Any CPU.Build.0 = Debug|Any CPU
		{8512A691-973B-44DA-894E-C0F5A0257964}.Debug|x64.ActiveCfg = Debug|Any CPU
		{8512A691-973B-44DA-894E-C0F5A0257964}.Debug|x64.Build.0 = Debug|Any CPU
		{8512A691-973B-44DA-894E-C0F5A0257964}.Debug|x86.ActiveCfg = Debug|Any CPU
		{8512A691-973B-44DA-894E-C0F5A0257964}.Debug|x86.Build.0 = Debug|Any CPU
		{8512A691-973B-44DA-894E-C0F5A0257964}.Release|Any CPU.ActiveCfg = Release|Any CPU
		{8512A691-973B-44DA-894E-C0F5A0257964}.Release|Any CPU.Build.0 = Release|Any CPU
		{8512A691-973B-44DA-894E-C0F5A0257964}.Release|x64.ActiveCfg = Release|Any CPU
		{8512A691-973B-44DA-894E-C0F5A0257964}.Release|x64.Build.0 = Release|Any CPU
		{8512A691-973B-44DA-894E-C0F5A0257964}.Release|x86.ActiveCfg = Release|Any CPU
		{8512A691-973B-44DA-894E-C0F5A0257964}.Release|x86.Build.0 = Release|Any CPU
		{13BD48D6-1DC4-4DBA-82DD-2F868F29CD22}.Debug|Any CPU.ActiveCfg = Debug|Any CPU
		{13BD48D6-1DC4-4DBA-82DD-2F868F29CD22}.Debug|Any CPU.Build.0 = Debug|Any CPU
		{13BD48D6-1DC4-4DBA-82DD-2F868F29CD22}.Debug|x64.ActiveCfg = Debug|Any CPU
		{13BD48D6-1DC4-4DBA-82DD-2F868F29CD22}.Debug|x64.Build.0 = Debug|Any CPU
		{13BD48D6-1DC4-4DBA-82DD-2F868F29CD22}.Debug|x86.ActiveCfg = Debug|Any CPU
		{13BD48D6-1DC4-4DBA-82DD-2F868F29CD22}.Debug|x86.Build.0 = Debug|Any CPU
		{13BD48D6-1DC4-4DBA-82DD-2F868F29CD22}.Release|Any CPU.ActiveCfg = Release|Any CPU
		{13BD48D6-1DC4-4DBA-82DD-2F868F29CD22}.Release|Any CPU.Build.0 = Release|Any CPU
		{13BD48D6-1DC4-4DBA-82DD-2F868F29CD22}.Release|x64.ActiveCfg = Release|Any CPU
		{13BD48D6-1DC4-4DBA-82DD-2F868F29CD22}.Release|x64.Build.0 = Release|Any CPU
		{13BD48D6-1DC4-4DBA-82DD-2F868F29CD22}.Release|x86.ActiveCfg = Release|Any CPU
		{13BD48D6-1DC4-4DBA-82DD-2F868F29CD22}.Release|x86.Build.0 = Release|Any CPU
		{46BD991C-68B0-4B81-81D1-EBA975864540}.Debug|Any CPU.ActiveCfg = Debug|Any CPU
		{46BD991C-68B0-4B81-81D1-EBA975864540}.Debug|Any CPU.Build.0 = Debug|Any CPU
		{46BD991C-68B0-4B81-81D1-EBA975864540}.Debug|x64.ActiveCfg = Debug|Any CPU
		{46BD991C-68B0-4B81-81D1-EBA975864540}.Debug|x64.Build.0 = Debug|Any CPU
		{46BD991C-68B0-4B81-81D1-EBA975864540}.Debug|x86.ActiveCfg = Debug|Any CPU
		{46BD991C-68B0-4B81-81D1-EBA975864540}.Debug|x86.Build.0 = Debug|Any CPU
		{46BD991C-68B0-4B81-81D1-EBA975864540}.Release|Any CPU.ActiveCfg = Release|Any CPU
		{46BD991C-68B0-4B81-81D1-EBA975864540}.Release|Any CPU.Build.0 = Release|Any CPU
		{46BD991C-68B0-4B81-81D1-EBA975864540}.Release|x64.ActiveCfg = Release|Any CPU
		{46BD991C-68B0-4B81-81D1-EBA975864540}.Release|x64.Build.0 = Release|Any CPU
		{46BD991C-68B0-4B81-81D1-EBA975864540}.Release|x86.ActiveCfg = Release|Any CPU
		{46BD991C-68B0-4B81-81D1-EBA975864540}.Release|x86.Build.0 = Release|Any CPU
		{71C12C9B-85E6-40DE-8F4E-A41A3CDD41FB}.Debug|Any CPU.ActiveCfg = Debug|Any CPU
		{71C12C9B-85E6-40DE-8F4E-A41A3CDD41FB}.Debug|Any CPU.Build.0 = Debug|Any CPU
		{71C12C9B-85E6-40DE-8F4E-A41A3CDD41FB}.Debug|x64.ActiveCfg = Debug|Any CPU
		{71C12C9B-85E6-40DE-8F4E-A41A3CDD41FB}.Debug|x64.Build.0 = Debug|Any CPU
		{71C12C9B-85E6-40DE-8F4E-A41A3CDD41FB}.Debug|x86.ActiveCfg = Debug|Any CPU
		{71C12C9B-85E6-40DE-8F4E-A41A3CDD41FB}.Debug|x86.Build.0 = Debug|Any CPU
		{71C12C9B-85E6-40DE-8F4E-A41A3CDD41FB}.Release|Any CPU.ActiveCfg = Release|Any CPU
		{71C12C9B-85E6-40DE-8F4E-A41A3CDD41FB}.Release|Any CPU.Build.0 = Release|Any CPU
		{71C12C9B-85E6-40DE-8F4E-A41A3CDD41FB}.Release|x64.ActiveCfg = Release|Any CPU
		{71C12C9B-85E6-40DE-8F4E-A41A3CDD41FB}.Release|x64.Build.0 = Release|Any CPU
		{71C12C9B-85E6-40DE-8F4E-A41A3CDD41FB}.Release|x86.ActiveCfg = Release|Any CPU
		{71C12C9B-85E6-40DE-8F4E-A41A3CDD41FB}.Release|x86.Build.0 = Release|Any CPU
		{14D4EC6C-B8FE-4F34-AAEF-B4DC0A704CFE}.Debug|Any CPU.ActiveCfg = Debug|Any CPU
		{14D4EC6C-B8FE-4F34-AAEF-B4DC0A704CFE}.Debug|Any CPU.Build.0 = Debug|Any CPU
		{14D4EC6C-B8FE-4F34-AAEF-B4DC0A704CFE}.Debug|x64.ActiveCfg = Debug|Any CPU
		{14D4EC6C-B8FE-4F34-AAEF-B4DC0A704CFE}.Debug|x64.Build.0 = Debug|Any CPU
		{14D4EC6C-B8FE-4F34-AAEF-B4DC0A704CFE}.Debug|x86.ActiveCfg = Debug|Any CPU
		{14D4EC6C-B8FE-4F34-AAEF-B4DC0A704CFE}.Debug|x86.Build.0 = Debug|Any CPU
		{14D4EC6C-B8FE-4F34-AAEF-B4DC0A704CFE}.Release|Any CPU.ActiveCfg = Release|Any CPU
		{14D4EC6C-B8FE-4F34-AAEF-B4DC0A704CFE}.Release|Any CPU.Build.0 = Release|Any CPU
		{14D4EC6C-B8FE-4F34-AAEF-B4DC0A704CFE}.Release|x64.ActiveCfg = Release|Any CPU
		{14D4EC6C-B8FE-4F34-AAEF-B4DC0A704CFE}.Release|x64.Build.0 = Release|Any CPU
		{14D4EC6C-B8FE-4F34-AAEF-B4DC0A704CFE}.Release|x86.ActiveCfg = Release|Any CPU
		{14D4EC6C-B8FE-4F34-AAEF-B4DC0A704CFE}.Release|x86.Build.0 = Release|Any CPU
		{5AF68462-8916-4978-B13D-4646370B4E11}.Debug|Any CPU.ActiveCfg = Debug|Any CPU
		{5AF68462-8916-4978-B13D-4646370B4E11}.Debug|Any CPU.Build.0 = Debug|Any CPU
		{5AF68462-8916-4978-B13D-4646370B4E11}.Debug|x64.ActiveCfg = Debug|Any CPU
		{5AF68462-8916-4978-B13D-4646370B4E11}.Debug|x64.Build.0 = Debug|Any CPU
		{5AF68462-8916-4978-B13D-4646370B4E11}.Debug|x86.ActiveCfg = Debug|Any CPU
		{5AF68462-8916-4978-B13D-4646370B4E11}.Debug|x86.Build.0 = Debug|Any CPU
		{5AF68462-8916-4978-B13D-4646370B4E11}.Release|Any CPU.ActiveCfg = Release|Any CPU
		{5AF68462-8916-4978-B13D-4646370B4E11}.Release|Any CPU.Build.0 = Release|Any CPU
		{5AF68462-8916-4978-B13D-4646370B4E11}.Release|x64.ActiveCfg = Release|Any CPU
		{5AF68462-8916-4978-B13D-4646370B4E11}.Release|x64.Build.0 = Release|Any CPU
		{5AF68462-8916-4978-B13D-4646370B4E11}.Release|x86.ActiveCfg = Release|Any CPU
		{5AF68462-8916-4978-B13D-4646370B4E11}.Release|x86.Build.0 = Release|Any CPU
		{9365E048-D392-44DE-AF36-A072FFC2FF8D}.Debug|Any CPU.ActiveCfg = Debug|Any CPU
		{9365E048-D392-44DE-AF36-A072FFC2FF8D}.Debug|Any CPU.Build.0 = Debug|Any CPU
		{9365E048-D392-44DE-AF36-A072FFC2FF8D}.Debug|x64.ActiveCfg = Debug|Any CPU
		{9365E048-D392-44DE-AF36-A072FFC2FF8D}.Debug|x64.Build.0 = Debug|Any CPU
		{9365E048-D392-44DE-AF36-A072FFC2FF8D}.Debug|x86.ActiveCfg = Debug|Any CPU
		{9365E048-D392-44DE-AF36-A072FFC2FF8D}.Debug|x86.Build.0 = Debug|Any CPU
		{9365E048-D392-44DE-AF36-A072FFC2FF8D}.Release|Any CPU.ActiveCfg = Release|Any CPU
		{9365E048-D392-44DE-AF36-A072FFC2FF8D}.Release|Any CPU.Build.0 = Release|Any CPU
		{9365E048-D392-44DE-AF36-A072FFC2FF8D}.Release|x64.ActiveCfg = Release|Any CPU
		{9365E048-D392-44DE-AF36-A072FFC2FF8D}.Release|x64.Build.0 = Release|Any CPU
		{9365E048-D392-44DE-AF36-A072FFC2FF8D}.Release|x86.ActiveCfg = Release|Any CPU
		{9365E048-D392-44DE-AF36-A072FFC2FF8D}.Release|x86.Build.0 = Release|Any CPU
		{F4CB5DE5-FB5B-4130-8020-4E82E482E7C3}.Debug|Any CPU.ActiveCfg = Debug|Any CPU
		{F4CB5DE5-FB5B-4130-8020-4E82E482E7C3}.Debug|Any CPU.Build.0 = Debug|Any CPU
		{F4CB5DE5-FB5B-4130-8020-4E82E482E7C3}.Debug|x64.ActiveCfg = Debug|Any CPU
		{F4CB5DE5-FB5B-4130-8020-4E82E482E7C3}.Debug|x64.Build.0 = Debug|Any CPU
		{F4CB5DE5-FB5B-4130-8020-4E82E482E7C3}.Debug|x86.ActiveCfg = Debug|Any CPU
		{F4CB5DE5-FB5B-4130-8020-4E82E482E7C3}.Debug|x86.Build.0 = Debug|Any CPU
		{F4CB5DE5-FB5B-4130-8020-4E82E482E7C3}.Release|Any CPU.ActiveCfg = Release|Any CPU
		{F4CB5DE5-FB5B-4130-8020-4E82E482E7C3}.Release|Any CPU.Build.0 = Release|Any CPU
		{F4CB5DE5-FB5B-4130-8020-4E82E482E7C3}.Release|x64.ActiveCfg = Release|Any CPU
		{F4CB5DE5-FB5B-4130-8020-4E82E482E7C3}.Release|x64.Build.0 = Release|Any CPU
		{F4CB5DE5-FB5B-4130-8020-4E82E482E7C3}.Release|x86.ActiveCfg = Release|Any CPU
		{F4CB5DE5-FB5B-4130-8020-4E82E482E7C3}.Release|x86.Build.0 = Release|Any CPU
		{DC93B826-8BB4-4EB1-9C6D-70FA2C3B1978}.Debug|Any CPU.ActiveCfg = Debug|Any CPU
		{DC93B826-8BB4-4EB1-9C6D-70FA2C3B1978}.Debug|Any CPU.Build.0 = Debug|Any CPU
		{DC93B826-8BB4-4EB1-9C6D-70FA2C3B1978}.Debug|x64.ActiveCfg = Debug|Any CPU
		{DC93B826-8BB4-4EB1-9C6D-70FA2C3B1978}.Debug|x64.Build.0 = Debug|Any CPU
		{DC93B826-8BB4-4EB1-9C6D-70FA2C3B1978}.Debug|x86.ActiveCfg = Debug|Any CPU
		{DC93B826-8BB4-4EB1-9C6D-70FA2C3B1978}.Debug|x86.Build.0 = Debug|Any CPU
		{DC93B826-8BB4-4EB1-9C6D-70FA2C3B1978}.Release|Any CPU.ActiveCfg = Release|Any CPU
		{DC93B826-8BB4-4EB1-9C6D-70FA2C3B1978}.Release|Any CPU.Build.0 = Release|Any CPU
		{DC93B826-8BB4-4EB1-9C6D-70FA2C3B1978}.Release|x64.ActiveCfg = Release|Any CPU
		{DC93B826-8BB4-4EB1-9C6D-70FA2C3B1978}.Release|x64.Build.0 = Release|Any CPU
		{DC93B826-8BB4-4EB1-9C6D-70FA2C3B1978}.Release|x86.ActiveCfg = Release|Any CPU
		{DC93B826-8BB4-4EB1-9C6D-70FA2C3B1978}.Release|x86.Build.0 = Release|Any CPU
		{A3A584EE-D4C3-4162-9582-6C2C2C403251}.Debug|Any CPU.ActiveCfg = Debug|Any CPU
		{A3A584EE-D4C3-4162-9582-6C2C2C403251}.Debug|Any CPU.Build.0 = Debug|Any CPU
		{A3A584EE-D4C3-4162-9582-6C2C2C403251}.Debug|x64.ActiveCfg = Debug|Any CPU
		{A3A584EE-D4C3-4162-9582-6C2C2C403251}.Debug|x64.Build.0 = Debug|Any CPU
		{A3A584EE-D4C3-4162-9582-6C2C2C403251}.Debug|x86.ActiveCfg = Debug|Any CPU
		{A3A584EE-D4C3-4162-9582-6C2C2C403251}.Debug|x86.Build.0 = Debug|Any CPU
		{A3A584EE-D4C3-4162-9582-6C2C2C403251}.Release|Any CPU.ActiveCfg = Release|Any CPU
		{A3A584EE-D4C3-4162-9582-6C2C2C403251}.Release|Any CPU.Build.0 = Release|Any CPU
		{A3A584EE-D4C3-4162-9582-6C2C2C403251}.Release|x64.ActiveCfg = Release|Any CPU
		{A3A584EE-D4C3-4162-9582-6C2C2C403251}.Release|x64.Build.0 = Release|Any CPU
		{A3A584EE-D4C3-4162-9582-6C2C2C403251}.Release|x86.ActiveCfg = Release|Any CPU
		{A3A584EE-D4C3-4162-9582-6C2C2C403251}.Release|x86.Build.0 = Release|Any CPU
		{1D3D238B-49A5-4196-A813-C14C7C7D05F4}.Debug|Any CPU.ActiveCfg = Debug|Any CPU
		{1D3D238B-49A5-4196-A813-C14C7C7D05F4}.Debug|Any CPU.Build.0 = Debug|Any CPU
		{1D3D238B-49A5-4196-A813-C14C7C7D05F4}.Debug|x64.ActiveCfg = Debug|Any CPU
		{1D3D238B-49A5-4196-A813-C14C7C7D05F4}.Debug|x64.Build.0 = Debug|Any CPU
		{1D3D238B-49A5-4196-A813-C14C7C7D05F4}.Debug|x86.ActiveCfg = Debug|Any CPU
		{1D3D238B-49A5-4196-A813-C14C7C7D05F4}.Debug|x86.Build.0 = Debug|Any CPU
		{1D3D238B-49A5-4196-A813-C14C7C7D05F4}.Release|Any CPU.ActiveCfg = Release|Any CPU
		{1D3D238B-49A5-4196-A813-C14C7C7D05F4}.Release|Any CPU.Build.0 = Release|Any CPU
		{1D3D238B-49A5-4196-A813-C14C7C7D05F4}.Release|x64.ActiveCfg = Release|Any CPU
		{1D3D238B-49A5-4196-A813-C14C7C7D05F4}.Release|x64.Build.0 = Release|Any CPU
		{1D3D238B-49A5-4196-A813-C14C7C7D05F4}.Release|x86.ActiveCfg = Release|Any CPU
		{1D3D238B-49A5-4196-A813-C14C7C7D05F4}.Release|x86.Build.0 = Release|Any CPU
		{CA1A06CC-7B84-41D3-AFD2-4F5EA0800D77}.Debug|Any CPU.ActiveCfg = Debug|Any CPU
		{CA1A06CC-7B84-41D3-AFD2-4F5EA0800D77}.Debug|Any CPU.Build.0 = Debug|Any CPU
		{CA1A06CC-7B84-41D3-AFD2-4F5EA0800D77}.Debug|x64.ActiveCfg = Debug|Any CPU
		{CA1A06CC-7B84-41D3-AFD2-4F5EA0800D77}.Debug|x64.Build.0 = Debug|Any CPU
		{CA1A06CC-7B84-41D3-AFD2-4F5EA0800D77}.Debug|x86.ActiveCfg = Debug|Any CPU
		{CA1A06CC-7B84-41D3-AFD2-4F5EA0800D77}.Debug|x86.Build.0 = Debug|Any CPU
		{CA1A06CC-7B84-41D3-AFD2-4F5EA0800D77}.Release|Any CPU.ActiveCfg = Release|Any CPU
		{CA1A06CC-7B84-41D3-AFD2-4F5EA0800D77}.Release|Any CPU.Build.0 = Release|Any CPU
		{CA1A06CC-7B84-41D3-AFD2-4F5EA0800D77}.Release|x64.ActiveCfg = Release|Any CPU
		{CA1A06CC-7B84-41D3-AFD2-4F5EA0800D77}.Release|x64.Build.0 = Release|Any CPU
		{CA1A06CC-7B84-41D3-AFD2-4F5EA0800D77}.Release|x86.ActiveCfg = Release|Any CPU
		{CA1A06CC-7B84-41D3-AFD2-4F5EA0800D77}.Release|x86.Build.0 = Release|Any CPU
		{9210EBF5-9CCA-4BB4-87D2-4F42E4481545}.Debug|Any CPU.ActiveCfg = Debug|Any CPU
		{9210EBF5-9CCA-4BB4-87D2-4F42E4481545}.Debug|Any CPU.Build.0 = Debug|Any CPU
		{9210EBF5-9CCA-4BB4-87D2-4F42E4481545}.Debug|x64.ActiveCfg = Debug|Any CPU
		{9210EBF5-9CCA-4BB4-87D2-4F42E4481545}.Debug|x64.Build.0 = Debug|Any CPU
		{9210EBF5-9CCA-4BB4-87D2-4F42E4481545}.Debug|x86.ActiveCfg = Debug|Any CPU
		{9210EBF5-9CCA-4BB4-87D2-4F42E4481545}.Debug|x86.Build.0 = Debug|Any CPU
		{9210EBF5-9CCA-4BB4-87D2-4F42E4481545}.Release|Any CPU.ActiveCfg = Release|Any CPU
		{9210EBF5-9CCA-4BB4-87D2-4F42E4481545}.Release|Any CPU.Build.0 = Release|Any CPU
		{9210EBF5-9CCA-4BB4-87D2-4F42E4481545}.Release|x64.ActiveCfg = Release|Any CPU
		{9210EBF5-9CCA-4BB4-87D2-4F42E4481545}.Release|x64.Build.0 = Release|Any CPU
		{9210EBF5-9CCA-4BB4-87D2-4F42E4481545}.Release|x86.ActiveCfg = Release|Any CPU
		{9210EBF5-9CCA-4BB4-87D2-4F42E4481545}.Release|x86.Build.0 = Release|Any CPU
		{9E80C17A-B316-4407-94C2-C5C37E75D7F2}.Debug|Any CPU.ActiveCfg = Debug|Any CPU
		{9E80C17A-B316-4407-94C2-C5C37E75D7F2}.Debug|Any CPU.Build.0 = Debug|Any CPU
		{9E80C17A-B316-4407-94C2-C5C37E75D7F2}.Debug|x64.ActiveCfg = Debug|Any CPU
		{9E80C17A-B316-4407-94C2-C5C37E75D7F2}.Debug|x64.Build.0 = Debug|Any CPU
		{9E80C17A-B316-4407-94C2-C5C37E75D7F2}.Debug|x86.ActiveCfg = Debug|Any CPU
		{9E80C17A-B316-4407-94C2-C5C37E75D7F2}.Debug|x86.Build.0 = Debug|Any CPU
		{9E80C17A-B316-4407-94C2-C5C37E75D7F2}.Release|Any CPU.ActiveCfg = Release|Any CPU
		{9E80C17A-B316-4407-94C2-C5C37E75D7F2}.Release|Any CPU.Build.0 = Release|Any CPU
		{9E80C17A-B316-4407-94C2-C5C37E75D7F2}.Release|x64.ActiveCfg = Release|Any CPU
		{9E80C17A-B316-4407-94C2-C5C37E75D7F2}.Release|x64.Build.0 = Release|Any CPU
		{9E80C17A-B316-4407-94C2-C5C37E75D7F2}.Release|x86.ActiveCfg = Release|Any CPU
		{9E80C17A-B316-4407-94C2-C5C37E75D7F2}.Release|x86.Build.0 = Release|Any CPU
		{02CA3E15-76D2-4A1A-B9FB-D11947673A6E}.Debug|Any CPU.ActiveCfg = Debug|Any CPU
		{02CA3E15-76D2-4A1A-B9FB-D11947673A6E}.Debug|Any CPU.Build.0 = Debug|Any CPU
		{02CA3E15-76D2-4A1A-B9FB-D11947673A6E}.Debug|x64.ActiveCfg = Debug|Any CPU
		{02CA3E15-76D2-4A1A-B9FB-D11947673A6E}.Debug|x64.Build.0 = Debug|Any CPU
		{02CA3E15-76D2-4A1A-B9FB-D11947673A6E}.Debug|x86.ActiveCfg = Debug|Any CPU
		{02CA3E15-76D2-4A1A-B9FB-D11947673A6E}.Debug|x86.Build.0 = Debug|Any CPU
		{02CA3E15-76D2-4A1A-B9FB-D11947673A6E}.Release|Any CPU.ActiveCfg = Release|Any CPU
		{02CA3E15-76D2-4A1A-B9FB-D11947673A6E}.Release|Any CPU.Build.0 = Release|Any CPU
		{02CA3E15-76D2-4A1A-B9FB-D11947673A6E}.Release|x64.ActiveCfg = Release|Any CPU
		{02CA3E15-76D2-4A1A-B9FB-D11947673A6E}.Release|x64.Build.0 = Release|Any CPU
		{02CA3E15-76D2-4A1A-B9FB-D11947673A6E}.Release|x86.ActiveCfg = Release|Any CPU
		{02CA3E15-76D2-4A1A-B9FB-D11947673A6E}.Release|x86.Build.0 = Release|Any CPU
		{32F711EC-FE68-4B1F-8C93-7808231F17D7}.Debug|Any CPU.ActiveCfg = Debug|Any CPU
		{32F711EC-FE68-4B1F-8C93-7808231F17D7}.Debug|Any CPU.Build.0 = Debug|Any CPU
		{32F711EC-FE68-4B1F-8C93-7808231F17D7}.Debug|x64.ActiveCfg = Debug|Any CPU
		{32F711EC-FE68-4B1F-8C93-7808231F17D7}.Debug|x64.Build.0 = Debug|Any CPU
		{32F711EC-FE68-4B1F-8C93-7808231F17D7}.Debug|x86.ActiveCfg = Debug|Any CPU
		{32F711EC-FE68-4B1F-8C93-7808231F17D7}.Debug|x86.Build.0 = Debug|Any CPU
		{32F711EC-FE68-4B1F-8C93-7808231F17D7}.Release|Any CPU.ActiveCfg = Release|Any CPU
		{32F711EC-FE68-4B1F-8C93-7808231F17D7}.Release|Any CPU.Build.0 = Release|Any CPU
		{32F711EC-FE68-4B1F-8C93-7808231F17D7}.Release|x64.ActiveCfg = Release|Any CPU
		{32F711EC-FE68-4B1F-8C93-7808231F17D7}.Release|x64.Build.0 = Release|Any CPU
		{32F711EC-FE68-4B1F-8C93-7808231F17D7}.Release|x86.ActiveCfg = Release|Any CPU
		{32F711EC-FE68-4B1F-8C93-7808231F17D7}.Release|x86.Build.0 = Release|Any CPU
		{AFFA7B10-BACB-4C67-A282-5375BCD94E67}.Debug|Any CPU.ActiveCfg = Debug|Any CPU
		{AFFA7B10-BACB-4C67-A282-5375BCD94E67}.Debug|Any CPU.Build.0 = Debug|Any CPU
		{AFFA7B10-BACB-4C67-A282-5375BCD94E67}.Debug|x64.ActiveCfg = Debug|Any CPU
		{AFFA7B10-BACB-4C67-A282-5375BCD94E67}.Debug|x64.Build.0 = Debug|Any CPU
		{AFFA7B10-BACB-4C67-A282-5375BCD94E67}.Debug|x86.ActiveCfg = Debug|Any CPU
		{AFFA7B10-BACB-4C67-A282-5375BCD94E67}.Debug|x86.Build.0 = Debug|Any CPU
		{AFFA7B10-BACB-4C67-A282-5375BCD94E67}.Release|Any CPU.ActiveCfg = Release|Any CPU
		{AFFA7B10-BACB-4C67-A282-5375BCD94E67}.Release|Any CPU.Build.0 = Release|Any CPU
		{AFFA7B10-BACB-4C67-A282-5375BCD94E67}.Release|x64.ActiveCfg = Release|Any CPU
		{AFFA7B10-BACB-4C67-A282-5375BCD94E67}.Release|x64.Build.0 = Release|Any CPU
		{AFFA7B10-BACB-4C67-A282-5375BCD94E67}.Release|x86.ActiveCfg = Release|Any CPU
		{AFFA7B10-BACB-4C67-A282-5375BCD94E67}.Release|x86.Build.0 = Release|Any CPU
		{79EE466D-1B06-4C77-8BFF-A92181C6F197}.Debug|Any CPU.ActiveCfg = Debug|Any CPU
		{79EE466D-1B06-4C77-8BFF-A92181C6F197}.Debug|Any CPU.Build.0 = Debug|Any CPU
		{79EE466D-1B06-4C77-8BFF-A92181C6F197}.Debug|x64.ActiveCfg = Debug|Any CPU
		{79EE466D-1B06-4C77-8BFF-A92181C6F197}.Debug|x64.Build.0 = Debug|Any CPU
		{79EE466D-1B06-4C77-8BFF-A92181C6F197}.Debug|x86.ActiveCfg = Debug|Any CPU
		{79EE466D-1B06-4C77-8BFF-A92181C6F197}.Debug|x86.Build.0 = Debug|Any CPU
		{79EE466D-1B06-4C77-8BFF-A92181C6F197}.Release|Any CPU.ActiveCfg = Release|Any CPU
		{79EE466D-1B06-4C77-8BFF-A92181C6F197}.Release|Any CPU.Build.0 = Release|Any CPU
		{79EE466D-1B06-4C77-8BFF-A92181C6F197}.Release|x64.ActiveCfg = Release|Any CPU
		{79EE466D-1B06-4C77-8BFF-A92181C6F197}.Release|x64.Build.0 = Release|Any CPU
		{79EE466D-1B06-4C77-8BFF-A92181C6F197}.Release|x86.ActiveCfg = Release|Any CPU
		{79EE466D-1B06-4C77-8BFF-A92181C6F197}.Release|x86.Build.0 = Release|Any CPU
	EndGlobalSection
	GlobalSection(SolutionProperties) = preSolution
		HideSolutionNode = FALSE
	EndGlobalSection
	GlobalSection(NestedProjects) = preSolution
		{C5C76DA8-9908-4437-B177-16FA3F8FFF85} = {02EA681E-C7D8-13C7-8484-4AC65E1B71E8}
		{35395B89-2A05-4CB3-9970-02621C8DD4FC} = {02EA681E-C7D8-13C7-8484-4AC65E1B71E8}
		{4C2D546A-54F1-4D81-8895-50DB2553737D} = {02EA681E-C7D8-13C7-8484-4AC65E1B71E8}
		{951D8ED4-8D63-4C2E-90DE-0022FB5A21DB} = {02EA681E-C7D8-13C7-8484-4AC65E1B71E8}
		{F1819FF0-047E-45E2-8A50-54BD8AB9CA60} = {02EA681E-C7D8-13C7-8484-4AC65E1B71E8}
		{8512A691-973B-44DA-894E-C0F5A0257964} = {4C2D546A-54F1-4D81-8895-50DB2553737D}
		{13BD48D6-1DC4-4DBA-82DD-2F868F29CD22} = {4C2D546A-54F1-4D81-8895-50DB2553737D}
		{46BD991C-68B0-4B81-81D1-EBA975864540} = {35395B89-2A05-4CB3-9970-02621C8DD4FC}
		{71C12C9B-85E6-40DE-8F4E-A41A3CDD41FB} = {35395B89-2A05-4CB3-9970-02621C8DD4FC}
		{14D4EC6C-B8FE-4F34-AAEF-B4DC0A704CFE} = {F1819FF0-047E-45E2-8A50-54BD8AB9CA60}
		{5AF68462-8916-4978-B13D-4646370B4E11} = {F1819FF0-047E-45E2-8A50-54BD8AB9CA60}
		{9365E048-D392-44DE-AF36-A072FFC2FF8D} = {C5C76DA8-9908-4437-B177-16FA3F8FFF85}
		{F4CB5DE5-FB5B-4130-8020-4E82E482E7C3} = {951D8ED4-8D63-4C2E-90DE-0022FB5A21DB}
		{DC93B826-8BB4-4EB1-9C6D-70FA2C3B1978} = {951D8ED4-8D63-4C2E-90DE-0022FB5A21DB}
		{A3A584EE-D4C3-4162-9582-6C2C2C403251} = {4C2D546A-54F1-4D81-8895-50DB2553737D}
		{1D3D238B-49A5-4196-A813-C14C7C7D05F4} = {4C2D546A-54F1-4D81-8895-50DB2553737D}
		{CA1A06CC-7B84-41D3-AFD2-4F5EA0800D77} = {4C2D546A-54F1-4D81-8895-50DB2553737D}
		{9210EBF5-9CCA-4BB4-87D2-4F42E4481545} = {B1F4C00C-BA88-30FE-8C62-9C4CAB55027E}
		{45430FF0-32BA-0349-D06B-27FB0DDFCA35} = {FA674B5A-3394-926C-2B1E-70E5B00E4A5C}
		{9E80C17A-B316-4407-94C2-C5C37E75D7F2} = {45430FF0-32BA-0349-D06B-27FB0DDFCA35}
		{02CA3E15-76D2-4A1A-B9FB-D11947673A6E} = {881589EE-639B-0A35-DBCE-5D94E4FC90C0}
		{30E77334-564F-C543-97F1-ECE6F460A98C} = {FA674B5A-3394-926C-2B1E-70E5B00E4A5C}
		{32F711EC-FE68-4B1F-8C93-7808231F17D7} = {30E77334-564F-C543-97F1-ECE6F460A98C}
		{AFFA7B10-BACB-4C67-A282-5375BCD94E67} = {691CC016-BFBE-456E-B050-26BE9BF15DB9}
		{79EE466D-1B06-4C77-8BFF-A92181C6F197} = {691CC016-BFBE-456E-B050-26BE9BF15DB9}
	EndGlobalSection
	GlobalSection(ExtensibilityGlobals) = postSolution
		SolutionGuid = {4355A496-DD77-463F-8FB9-D81E07B6F363}
	EndGlobalSection
EndGlobal
